
Microsoft Visual Studio Solution File, Format Version 10.00
# Visual Studio 2008
Project("{8BC9CEB8-8B4A-11D0-8D11-00A0C91BC942}") = "Editor", "Editor\Editor.vcproj", "{C822D1C2-7ABA-4660-94F2-425486254814}"
EndProject
Project("{8BC9CEB8-8B4A-11D0-8D11-00A0C91BC942}") = "AppBrowser", "AppBrowser\AppBrowser.vcproj", "{066AC6C5-9450-4F1B-92FA-8D787E5A25F2}"
EndProject
Global
	GlobalSection(SolutionConfigurationPlatforms) = preSolution
		Debug|Win32 = Debug|Win32
		Release|Win32 = Release|Win32
	EndGlobalSection
	GlobalSection(ProjectConfigurationPlatforms) = postSolution
		{C822D1C2-7ABA-4660-94F2-425486254814}.Debug|Win32.ActiveCfg = Debug|Win32
		{C822D1C2-7ABA-4660-94F2-425486254814}.Debug|Win32.Build.0 = Debug|Win32
		{C822D1C2-7ABA-4660-94F2-425486254814}.Release|Win32.ActiveCfg = Release|Win32
		{C822D1C2-7ABA-4660-94F2-425486254814}.Release|Win32.Build.0 = Release|Win32
		{066AC6C5-9450-4F1B-92FA-8D787E5A25F2}.Debug|Win32.ActiveCfg = Debug|Win32
		{066AC6C5-9450-4F1B-92FA-8D787E5A25F2}.Debug|Win32.Build.0 = Debug|Win32
		{066AC6C5-9450-4F1B-92FA-8D787E5A25F2}.Release|Win32.ActiveCfg = Release|Win32
		{066AC6C5-9450-4F1B-92FA-8D787E5A25F2}.Release|Win32.Build.0 = Release|Win32
	EndGlobalSection
	GlobalSection(SolutionProperties) = preSolution
		HideSolutionNode = FALSE
	EndGlobalSection
EndGlobal
