Microsoft Visual Studio Solution File, Format Version 8.00
Project("{8BC9CEB8-8B4A-11D0-8D11-00A0C91BC942}") = "Irrlicht", "Irrlicht7.1.vcproj", "{E08E042A-6C45-411B-92BE-3CC31331019F}"
	ProjectSection(ProjectDependencies) = postProject
	EndProjectSection
EndProject
Global
	GlobalSection(SolutionConfiguration) = preSolution
		Debug = Debug
		Release = Release
		Release - Fast FPU = Release - Fast FPU
		SDL-Debug = SDL-Debug
		Static lib - Debug = Static lib - Debug
		Static lib - Release = Static lib - Release
		Static lib - Release - Fast FPU = Static lib - Release - Fast FPU
	EndGlobalSection
	GlobalSection(ProjectConfiguration) = postSolution
		{E08E042A-6C45-411B-92BE-3CC31331019F}.Debug.ActiveCfg = Debug|Win32
		{E08E042A-6C45-411B-92BE-3CC31331019F}.Debug.Build.0 = Debug|Win32
		{E08E042A-6C45-411B-92BE-3CC31331019F}.Release.ActiveCfg = Release|Win32
		{E08E042A-6C45-411B-92BE-3CC31331019F}.Release.Build.0 = Release|Win32
		{E08E042A-6C45-411B-92BE-3CC31331019F}.Release - Fast FPU.ActiveCfg = Release - Fast FPU|Win32
		{E08E042A-6C45-411B-92BE-3CC31331019F}.Release - Fast FPU.Build.0 = Release - Fast FPU|Win32
		{E08E042A-6C45-411B-92BE-3CC31331019F}.SDL-Debug.ActiveCfg = SDL-Debug|Win32
		{E08E042A-6C45-411B-92BE-3CC31331019F}.SDL-Debug.Build.0 = SDL-Debug|Win32
		{E08E042A-6C45-411B-92BE-3CC31331019F}.Static lib - Debug.ActiveCfg = Static lib - Debug|Win32
		{E08E042A-6C45-411B-92BE-3CC31331019F}.Static lib - Debug.Build.0 = Static lib - Debug|Win32
		{E08E042A-6C45-411B-92BE-3CC31331019F}.Static lib - Release.ActiveCfg = Static lib - Release|Win32
		{E08E042A-6C45-411B-92BE-3CC31331019F}.Static lib - Release.Build.0 = Static lib - Release|Win32
		{E08E042A-6C45-411B-92BE-3CC31331019F}.Static lib - Release - Fast FPU.ActiveCfg = Static lib - Release - Fast FPU|Win32
		{E08E042A-6C45-411B-92BE-3CC31331019F}.Static lib - Release - Fast FPU.Build.0 = Static lib - Release - Fast FPU|Win32
	EndGlobalSection
	GlobalSection(ExtensibilityGlobals) = postSolution
	EndGlobalSection
	GlobalSection(ExtensibilityAddIns) = postSolution
	EndGlobalSection
EndGlobal
