
Microsoft Visual Studio Solution File, Format Version 10.00
# Visual Studio 2008
Project("{8BC9CEB8-8B4A-11D0-8D11-00A0C91BC942}") = "OgreSandBox", "OgreSandBox\OgreSandBox.vcproj", "{5AF3A4E7-4BA6-4431-824C-96006DE6C46D}"
	ProjectSection(ProjectDependencies) = postProject
		{6B3AEF7A-442C-49F3-85EB-2D0129482E7B} = {6B3AEF7A-442C-49F3-85EB-2D0129482E7B}
	EndProjectSection
EndProject
Project("{8BC9CEB8-8B4A-11D0-8D11-00A0C91BC942}") = "OgreSandBoxCore", "OgreSandBoxCore\OgreSandBoxCore.vcproj", "{6B3AEF7A-442C-49F3-85EB-2D0129482E7B}"
EndProject
Global
	GlobalSection(SolutionConfigurationPlatforms) = preSolution
		Debug|Win32 = Debug|Win32
		Release|Win32 = Release|Win32
	EndGlobalSection
	GlobalSection(ProjectConfigurationPlatforms) = postSolution
		{5AF3A4E7-4BA6-4431-824C-96006DE6C46D}.Debug|Win32.ActiveCfg = Debug|Win32
		{5AF3A4E7-4BA6-4431-824C-96006DE6C46D}.Debug|Win32.Build.0 = Debug|Win32
		{5AF3A4E7-4BA6-4431-824C-96006DE6C46D}.Release|Win32.ActiveCfg = Release|Win32
		{5AF3A4E7-4BA6-4431-824C-96006DE6C46D}.Release|Win32.Build.0 = Release|Win32
		{6B3AEF7A-442C-49F3-85EB-2D0129482E7B}.Debug|Win32.ActiveCfg = Debug|Win32
		{6B3AEF7A-442C-49F3-85EB-2D0129482E7B}.Debug|Win32.Build.0 = Debug|Win32
		{6B3AEF7A-442C-49F3-85EB-2D0129482E7B}.Release|Win32.ActiveCfg = Release|Win32
		{6B3AEF7A-442C-49F3-85EB-2D0129482E7B}.Release|Win32.Build.0 = Release|Win32
	EndGlobalSection
	GlobalSection(SolutionProperties) = preSolution
		HideSolutionNode = FALSE
	EndGlobalSection
EndGlobal
