
Microsoft Visual Studio Solution File, Format Version 10.00
# Visual Studio 2008
Project("{8BC9CEB8-8B4A-11D0-8D11-00A0C91BC942}") = "OgreEditor", "OgreEditor\OgreEditor.vcproj", "{9FA96679-D355-4233-8751-E8785124BB27}"
	ProjectSection(ProjectDependencies) = postProject
		{2A2E825A-FC9D-4671-9F48-26B19061A606} = {2A2E825A-FC9D-4671-9F48-26B19061A606}
		{55CE2B5B-F78B-4279-B610-66CA6CE0D8C8} = {55CE2B5B-F78B-4279-B610-66CA6CE0D8C8}
		{8862CD5B-5665-4454-9BE8-083372C7E4D7} = {8862CD5B-5665-4454-9BE8-083372C7E4D7}
	EndProjectSection
EndProject
Project("{8BC9CEB8-8B4A-11D0-8D11-00A0C91BC942}") = "OgreEventSet", "OgreEventSet\OgreEventSet.vcproj", "{55CE2B5B-F78B-4279-B610-66CA6CE0D8C8}"
EndProject
Project("{8BC9CEB8-8B4A-11D0-8D11-00A0C91BC942}") = "OgreTerrainEditorPlugin", "EditorPlugin\OgreTerrainEditorPlugin\OgreTerrainEditorPlugin.vcproj", "{2A2E825A-FC9D-4671-9F48-26B19061A606}"
EndProject
Project("{8BC9CEB8-8B4A-11D0-8D11-00A0C91BC942}") = "OgreEditorCore", "OgreEditorCore\OgreEditorCore.vcproj", "{8862CD5B-5665-4454-9BE8-083372C7E4D7}"
EndProject
Global
	GlobalSection(SolutionConfigurationPlatforms) = preSolution
		Debug|Win32 = Debug|Win32
		Release|Win32 = Release|Win32
	EndGlobalSection
	GlobalSection(ProjectConfigurationPlatforms) = postSolution
		{9FA96679-D355-4233-8751-E8785124BB27}.Debug|Win32.ActiveCfg = Debug|Win32
		{9FA96679-D355-4233-8751-E8785124BB27}.Debug|Win32.Build.0 = Debug|Win32
		{9FA96679-D355-4233-8751-E8785124BB27}.Release|Win32.ActiveCfg = Release|Win32
		{9FA96679-D355-4233-8751-E8785124BB27}.Release|Win32.Build.0 = Release|Win32
		{55CE2B5B-F78B-4279-B610-66CA6CE0D8C8}.Debug|Win32.ActiveCfg = Debug|Win32
		{55CE2B5B-F78B-4279-B610-66CA6CE0D8C8}.Debug|Win32.Build.0 = Debug|Win32
		{55CE2B5B-F78B-4279-B610-66CA6CE0D8C8}.Release|Win32.ActiveCfg = Release|Win32
		{55CE2B5B-F78B-4279-B610-66CA6CE0D8C8}.Release|Win32.Build.0 = Release|Win32
		{2A2E825A-FC9D-4671-9F48-26B19061A606}.Debug|Win32.ActiveCfg = Debug|Win32
		{2A2E825A-FC9D-4671-9F48-26B19061A606}.Debug|Win32.Build.0 = Debug|Win32
		{2A2E825A-FC9D-4671-9F48-26B19061A606}.Release|Win32.ActiveCfg = Release|Win32
		{2A2E825A-FC9D-4671-9F48-26B19061A606}.Release|Win32.Build.0 = Release|Win32
		{8862CD5B-5665-4454-9BE8-083372C7E4D7}.Debug|Win32.ActiveCfg = Debug|Win32
		{8862CD5B-5665-4454-9BE8-083372C7E4D7}.Debug|Win32.Build.0 = Debug|Win32
		{8862CD5B-5665-4454-9BE8-083372C7E4D7}.Release|Win32.ActiveCfg = Release|Win32
		{8862CD5B-5665-4454-9BE8-083372C7E4D7}.Release|Win32.Build.0 = Release|Win32
	EndGlobalSection
	GlobalSection(SolutionProperties) = preSolution
		HideSolutionNode = FALSE
	EndGlobalSection
EndGlobal
