
Microsoft Visual Studio Solution File, Format Version 10.00
# Visual Studio 2008
Project("{8BC9CEB8-8B4A-11D0-8D11-00A0C91BC942}") = "Barcelona", "Barcelona\Barcelona.vcproj", "{F0197D83-1E4B-42B1-B1C9-3BEAEC6DDE61}"
	ProjectSection(ProjectDependencies) = postProject
		{06BC9B5E-265A-46E3-B6C7-0B4517E350E0} = {06BC9B5E-265A-46E3-B6C7-0B4517E350E0}
	EndProjectSection
EndProject
Project("{8BC9CEB8-8B4A-11D0-8D11-00A0C91BC942}") = "Guardiola", "Guardiola\Guardiola.vcproj", "{06BC9B5E-265A-46E3-B6C7-0B4517E350E0}"
	ProjectSection(ProjectDependencies) = postProject
		{A031BA1B-BA4D-4531-BEC3-E15C68B2E2D3} = {A031BA1B-BA4D-4531-BEC3-E15C68B2E2D3}
	EndProjectSection
EndProject
Project("{8BC9CEB8-8B4A-11D0-8D11-00A0C91BC942}") = "PyEvtSet", "PyEvtSet\PyEvtSet.vcproj", "{A031BA1B-BA4D-4531-BEC3-E15C68B2E2D3}"
EndProject
Global
	GlobalSection(SolutionConfigurationPlatforms) = preSolution
		Debug|Win32 = Debug|Win32
		Release|Win32 = Release|Win32
	EndGlobalSection
	GlobalSection(ProjectConfigurationPlatforms) = postSolution
		{F0197D83-1E4B-42B1-B1C9-3BEAEC6DDE61}.Debug|Win32.ActiveCfg = Debug|Win32
		{F0197D83-1E4B-42B1-B1C9-3BEAEC6DDE61}.Debug|Win32.Build.0 = Debug|Win32
		{F0197D83-1E4B-42B1-B1C9-3BEAEC6DDE61}.Release|Win32.ActiveCfg = Release|Win32
		{F0197D83-1E4B-42B1-B1C9-3BEAEC6DDE61}.Release|Win32.Build.0 = Release|Win32
		{06BC9B5E-265A-46E3-B6C7-0B4517E350E0}.Debug|Win32.ActiveCfg = Debug|Win32
		{06BC9B5E-265A-46E3-B6C7-0B4517E350E0}.Debug|Win32.Build.0 = Debug|Win32
		{06BC9B5E-265A-46E3-B6C7-0B4517E350E0}.Release|Win32.ActiveCfg = Release|Win32
		{06BC9B5E-265A-46E3-B6C7-0B4517E350E0}.Release|Win32.Build.0 = Release|Win32
		{A031BA1B-BA4D-4531-BEC3-E15C68B2E2D3}.Debug|Win32.ActiveCfg = Debug|Win32
		{A031BA1B-BA4D-4531-BEC3-E15C68B2E2D3}.Debug|Win32.Build.0 = Debug|Win32
		{A031BA1B-BA4D-4531-BEC3-E15C68B2E2D3}.Release|Win32.ActiveCfg = Release|Win32
		{A031BA1B-BA4D-4531-BEC3-E15C68B2E2D3}.Release|Win32.Build.0 = Release|Win32
	EndGlobalSection
	GlobalSection(SolutionProperties) = preSolution
		HideSolutionNode = FALSE
	EndGlobalSection
EndGlobal
