Microsoft Visual Studio Solution File, Format Version 8.00
Project("{8BC9CEB8-8B4A-11D0-8D11-00A0C91BC942}") = "机器人及头像管理", "RobotManager.vcproj", "{F61237F2-389D-47F2-A60F-568E13B17A2A}"
	ProjectSection(ProjectDependencies) = postProject
	EndProjectSection
EndProject
Global
	GlobalSection(SolutionConfiguration) = preSolution
		Debug = Debug
		Release = Release
	EndGlobalSection
	GlobalSection(ProjectConfiguration) = postSolution
		{F61237F2-389D-47F2-A60F-568E13B17A2A}.Debug.ActiveCfg = Debug|Win32
		{F61237F2-389D-47F2-A60F-568E13B17A2A}.Debug.Build.0 = Debug|Win32
		{F61237F2-389D-47F2-A60F-568E13B17A2A}.Release.ActiveCfg = Release|Win32
		{F61237F2-389D-47F2-A60F-568E13B17A2A}.Release.Build.0 = Release|Win32
	EndGlobalSection
	GlobalSection(ExtensibilityGlobals) = postSolution
	EndGlobalSection
	GlobalSection(ExtensibilityAddIns) = postSolution
	EndGlobalSection
EndGlobal
