
Microsoft Visual Studio Solution File, Format Version 10.00
# Visual Studio 2008
Project("{8BC9CEB8-8B4A-11D0-8D11-00A0C91BC942}") = "Xavier", "Xavier\Xavier.vcproj", "{8C14C39B-4813-4C1F-A01B-D6DF2E949F36}"
	ProjectSection(ProjectDependencies) = postProject
		{2A2AAE8A-39ED-49A7-807C-71E886FF0B3E} = {2A2AAE8A-39ED-49A7-807C-71E886FF0B3E}
		{4D18DBAC-3292-4454-B828-3140EA9A3799} = {4D18DBAC-3292-4454-B828-3140EA9A3799}
		{C93D0DD2-79E5-48D2-BEEB-41D7669962D1} = {C93D0DD2-79E5-48D2-BEEB-41D7669962D1}
	EndProjectSection
EndProject
Project("{8BC9CEB8-8B4A-11D0-8D11-00A0C91BC942}") = "System", "System\System.vcproj", "{4D18DBAC-3292-4454-B828-3140EA9A3799}"
EndProject
Project("{8BC9CEB8-8B4A-11D0-8D11-00A0C91BC942}") = "EventSet", "EventSet\EventSet.vcproj", "{2A2AAE8A-39ED-49A7-807C-71E886FF0B3E}"
EndProject
Project("{8BC9CEB8-8B4A-11D0-8D11-00A0C91BC942}") = "Plugin_ETMTerrain", "Plugin_ETMTerrain\Plugin_ETMTerrain.vcproj", "{C93D0DD2-79E5-48D2-BEEB-41D7669962D1}"
EndProject
Project("{8BC9CEB8-8B4A-11D0-8D11-00A0C91BC942}") = "EditableTerrainManager", "..\..\..\etm-2.3.1\EditableTerrain.vcproj", "{2E30F488-61FD-455B-BE50-9AD347C527A6}"
EndProject
Global
	GlobalSection(SolutionConfigurationPlatforms) = preSolution
		Debug|Win32 = Debug|Win32
		Release|Win32 = Release|Win32
	EndGlobalSection
	GlobalSection(ProjectConfigurationPlatforms) = postSolution
		{8C14C39B-4813-4C1F-A01B-D6DF2E949F36}.Debug|Win32.ActiveCfg = Debug|Win32
		{8C14C39B-4813-4C1F-A01B-D6DF2E949F36}.Debug|Win32.Build.0 = Debug|Win32
		{8C14C39B-4813-4C1F-A01B-D6DF2E949F36}.Release|Win32.ActiveCfg = Release|Win32
		{8C14C39B-4813-4C1F-A01B-D6DF2E949F36}.Release|Win32.Build.0 = Release|Win32
		{4D18DBAC-3292-4454-B828-3140EA9A3799}.Debug|Win32.ActiveCfg = Debug|Win32
		{4D18DBAC-3292-4454-B828-3140EA9A3799}.Debug|Win32.Build.0 = Debug|Win32
		{4D18DBAC-3292-4454-B828-3140EA9A3799}.Release|Win32.ActiveCfg = Release|Win32
		{4D18DBAC-3292-4454-B828-3140EA9A3799}.Release|Win32.Build.0 = Release|Win32
		{2A2AAE8A-39ED-49A7-807C-71E886FF0B3E}.Debug|Win32.ActiveCfg = Debug|Win32
		{2A2AAE8A-39ED-49A7-807C-71E886FF0B3E}.Debug|Win32.Build.0 = Debug|Win32
		{2A2AAE8A-39ED-49A7-807C-71E886FF0B3E}.Release|Win32.ActiveCfg = Release|Win32
		{2A2AAE8A-39ED-49A7-807C-71E886FF0B3E}.Release|Win32.Build.0 = Release|Win32
		{C93D0DD2-79E5-48D2-BEEB-41D7669962D1}.Debug|Win32.ActiveCfg = Debug|Win32
		{C93D0DD2-79E5-48D2-BEEB-41D7669962D1}.Debug|Win32.Build.0 = Debug|Win32
		{C93D0DD2-79E5-48D2-BEEB-41D7669962D1}.Release|Win32.ActiveCfg = Release|Win32
		{C93D0DD2-79E5-48D2-BEEB-41D7669962D1}.Release|Win32.Build.0 = Release|Win32
		{2E30F488-61FD-455B-BE50-9AD347C527A6}.Debug|Win32.ActiveCfg = Debug|Win32
		{2E30F488-61FD-455B-BE50-9AD347C527A6}.Debug|Win32.Build.0 = Debug|Win32
		{2E30F488-61FD-455B-BE50-9AD347C527A6}.Release|Win32.ActiveCfg = Release|Win32
		{2E30F488-61FD-455B-BE50-9AD347C527A6}.Release|Win32.Build.0 = Release|Win32
	EndGlobalSection
	GlobalSection(SolutionProperties) = preSolution
		HideSolutionNode = FALSE
	EndGlobalSection
EndGlobal
