
Microsoft Visual Studio Solution File, Format Version 10.00
# Visual Studio 2008
Project("{2150E333-8FDC-42A3-9474-1A3956D46DE8}") = "WebProjects", "WebProjects", "{617E5B58-BBB9-4896-B91A-2E5138C3EB38}"
EndProject
Project("{2150E333-8FDC-42A3-9474-1A3956D46DE8}") = "Services", "Services", "{647566E6-BF8C-414A-B3C4-2E049CE53D75}"
EndProject
Project("{FAE04EC0-301F-11D3-BF4B-00C04F79EFBC}") = "Game.Web", "WebProjects\Game.Web\Game.Web.csproj", "{3945D554-FE23-4C72-B759-D3777B600276}"
EndProject
Project("{FAE04EC0-301F-11D3-BF4B-00C04F79EFBC}") = "Game.Facade", "Services\Game.Facade\Game.Facade.csproj", "{27CA8135-4237-4070-9223-EB59FEFC3842}"
EndProject
Project("{FAE04EC0-301F-11D3-BF4B-00C04F79EFBC}") = "Game.Entity", "Services\Game.Entity\Game.Entity.csproj", "{B1C68DA4-20F2-45ED-A567-73B369EA36D5}"
EndProject
Project("{FAE04EC0-301F-11D3-BF4B-00C04F79EFBC}") = "Game.IData", "Services\Game.IData\Game.IData.csproj", "{1077E043-B4D2-4172-A650-CB865DA31AF2}"
EndProject
Project("{FAE04EC0-301F-11D3-BF4B-00C04F79EFBC}") = "Game.Data", "Services\Game.Data\Game.Data.csproj", "{886F508D-C039-4968-97CB-32A75E14C8B0}"
EndProject
Project("{2150E333-8FDC-42A3-9474-1A3956D46DE8}") = "Common", "Common", "{C1605E34-C007-4D61-8AEF-81889D73C398}"
EndProject
Project("{FAE04EC0-301F-11D3-BF4B-00C04F79EFBC}") = "Game.Kernel", "Game.Kernel\Game.Kernel.csproj", "{65A5648C-2D45-4F45-B869-5E73A8E37E41}"
EndProject
Project("{FAE04EC0-301F-11D3-BF4B-00C04F79EFBC}") = "Game.Utils", "Game.Utils\Game.Utils.csproj", "{AA0752F8-22AC-409F-A500-40A81B9C5D06}"
EndProject
Global
	GlobalSection(SolutionConfigurationPlatforms) = preSolution
		Debug|Any CPU = Debug|Any CPU
		Release|Any CPU = Release|Any CPU
	EndGlobalSection
	GlobalSection(ProjectConfigurationPlatforms) = postSolution
		{3945D554-FE23-4C72-B759-D3777B600276}.Debug|Any CPU.ActiveCfg = Debug|Any CPU
		{3945D554-FE23-4C72-B759-D3777B600276}.Debug|Any CPU.Build.0 = Debug|Any CPU
		{3945D554-FE23-4C72-B759-D3777B600276}.Release|Any CPU.ActiveCfg = Release|Any CPU
		{3945D554-FE23-4C72-B759-D3777B600276}.Release|Any CPU.Build.0 = Release|Any CPU
		{27CA8135-4237-4070-9223-EB59FEFC3842}.Debug|Any CPU.ActiveCfg = Debug|Any CPU
		{27CA8135-4237-4070-9223-EB59FEFC3842}.Debug|Any CPU.Build.0 = Debug|Any CPU
		{27CA8135-4237-4070-9223-EB59FEFC3842}.Release|Any CPU.ActiveCfg = Release|Any CPU
		{27CA8135-4237-4070-9223-EB59FEFC3842}.Release|Any CPU.Build.0 = Release|Any CPU
		{B1C68DA4-20F2-45ED-A567-73B369EA36D5}.Debug|Any CPU.ActiveCfg = Debug|Any CPU
		{B1C68DA4-20F2-45ED-A567-73B369EA36D5}.Debug|Any CPU.Build.0 = Debug|Any CPU
		{B1C68DA4-20F2-45ED-A567-73B369EA36D5}.Release|Any CPU.ActiveCfg = Release|Any CPU
		{B1C68DA4-20F2-45ED-A567-73B369EA36D5}.Release|Any CPU.Build.0 = Release|Any CPU
		{1077E043-B4D2-4172-A650-CB865DA31AF2}.Debug|Any CPU.ActiveCfg = Debug|Any CPU
		{1077E043-B4D2-4172-A650-CB865DA31AF2}.Debug|Any CPU.Build.0 = Debug|Any CPU
		{1077E043-B4D2-4172-A650-CB865DA31AF2}.Release|Any CPU.ActiveCfg = Release|Any CPU
		{1077E043-B4D2-4172-A650-CB865DA31AF2}.Release|Any CPU.Build.0 = Release|Any CPU
		{886F508D-C039-4968-97CB-32A75E14C8B0}.Debug|Any CPU.ActiveCfg = Debug|Any CPU
		{886F508D-C039-4968-97CB-32A75E14C8B0}.Debug|Any CPU.Build.0 = Debug|Any CPU
		{886F508D-C039-4968-97CB-32A75E14C8B0}.Release|Any CPU.ActiveCfg = Release|Any CPU
		{886F508D-C039-4968-97CB-32A75E14C8B0}.Release|Any CPU.Build.0 = Release|Any CPU
		{65A5648C-2D45-4F45-B869-5E73A8E37E41}.Debug|Any CPU.ActiveCfg = Debug|Any CPU
		{65A5648C-2D45-4F45-B869-5E73A8E37E41}.Debug|Any CPU.Build.0 = Debug|Any CPU
		{65A5648C-2D45-4F45-B869-5E73A8E37E41}.Release|Any CPU.ActiveCfg = Release|Any CPU
		{65A5648C-2D45-4F45-B869-5E73A8E37E41}.Release|Any CPU.Build.0 = Release|Any CPU
		{AA0752F8-22AC-409F-A500-40A81B9C5D06}.Debug|Any CPU.ActiveCfg = Debug|Any CPU
		{AA0752F8-22AC-409F-A500-40A81B9C5D06}.Debug|Any CPU.Build.0 = Debug|Any CPU
		{AA0752F8-22AC-409F-A500-40A81B9C5D06}.Release|Any CPU.ActiveCfg = Release|Any CPU
		{AA0752F8-22AC-409F-A500-40A81B9C5D06}.Release|Any CPU.Build.0 = Release|Any CPU
	EndGlobalSection
	GlobalSection(SolutionProperties) = preSolution
		HideSolutionNode = FALSE
	EndGlobalSection
	GlobalSection(NestedProjects) = preSolution
		{3945D554-FE23-4C72-B759-D3777B600276} = {617E5B58-BBB9-4896-B91A-2E5138C3EB38}
		{27CA8135-4237-4070-9223-EB59FEFC3842} = {647566E6-BF8C-414A-B3C4-2E049CE53D75}
		{B1C68DA4-20F2-45ED-A567-73B369EA36D5} = {647566E6-BF8C-414A-B3C4-2E049CE53D75}
		{1077E043-B4D2-4172-A650-CB865DA31AF2} = {647566E6-BF8C-414A-B3C4-2E049CE53D75}
		{886F508D-C039-4968-97CB-32A75E14C8B0} = {647566E6-BF8C-414A-B3C4-2E049CE53D75}
		{65A5648C-2D45-4F45-B869-5E73A8E37E41} = {C1605E34-C007-4D61-8AEF-81889D73C398}
		{AA0752F8-22AC-409F-A500-40A81B9C5D06} = {C1605E34-C007-4D61-8AEF-81889D73C398}
	EndGlobalSection
EndGlobal
