
Microsoft Visual Studio Solution File, Format Version 10.00
# Visual Studio 2008
Project("{FAE04EC0-301F-11D3-BF4B-00C04F79EFBC}") = "Game.Web", "WebProjects\Game.Web\Game.Web.csproj", "{A8021AF1-B30F-453A-8C15-F3228B65837B}"
EndProject
Project("{FAE04EC0-301F-11D3-BF4B-00C04F79EFBC}") = "Game.Entity", "Services\Game.Entity\Game.Entity.csproj", "{7FCAD416-3026-4470-9F0F-915220CA7504}"
EndProject
Project("{2150E333-8FDC-42A3-9474-1A3956D46DE8}") = "Services", "Services", "{2E1F2957-CEFA-42DA-8EFC-34D77832D68D}"
EndProject
Project("{2150E333-8FDC-42A3-9474-1A3956D46DE8}") = "WebProjects", "WebProjects", "{5F7CE4D2-4972-4370-80C0-D4D7FE7E4AC9}"
EndProject
Project("{FAE04EC0-301F-11D3-BF4B-00C04F79EFBC}") = "Game.Facade", "Services\Game.Facade\Game.Facade.csproj", "{4F608384-BD17-40C3-87AE-EE6144148B78}"
EndProject
Project("{FAE04EC0-301F-11D3-BF4B-00C04F79EFBC}") = "Game.Data", "Services\Game.Data\Game.Data.csproj", "{197D593E-70D5-4576-A353-64354F90760B}"
EndProject
Project("{FAE04EC0-301F-11D3-BF4B-00C04F79EFBC}") = "Game.IData", "Services\Game.IData\Game.IData.csproj", "{6E954911-F438-4AC3-8BA0-7E0E5C7BED86}"
EndProject
Project("{2150E333-8FDC-42A3-9474-1A3956D46DE8}") = "Common", "Common", "{ED5F3FF3-7AC9-450B-9C5A-8C5B54E1301D}"
EndProject
Project("{FAE04EC0-301F-11D3-BF4B-00C04F79EFBC}") = "Game.Kernel", "Game.Kernel\Game.Kernel.csproj", "{07E7B078-55C7-4CBC-BAB8-E7BA378E9DD6}"
EndProject
Project("{FAE04EC0-301F-11D3-BF4B-00C04F79EFBC}") = "Game.Utils", "Game.Utils\Game.Utils.csproj", "{3F57A7F2-3A90-43A3-8AE2-81BE3F171CB4}"
EndProject
Global
	GlobalSection(SolutionConfigurationPlatforms) = preSolution
		Debug|Any CPU = Debug|Any CPU
		Release|Any CPU = Release|Any CPU
	EndGlobalSection
	GlobalSection(ProjectConfigurationPlatforms) = postSolution
		{A8021AF1-B30F-453A-8C15-F3228B65837B}.Debug|Any CPU.ActiveCfg = Debug|Any CPU
		{A8021AF1-B30F-453A-8C15-F3228B65837B}.Debug|Any CPU.Build.0 = Debug|Any CPU
		{A8021AF1-B30F-453A-8C15-F3228B65837B}.Release|Any CPU.ActiveCfg = Release|Any CPU
		{A8021AF1-B30F-453A-8C15-F3228B65837B}.Release|Any CPU.Build.0 = Release|Any CPU
		{7FCAD416-3026-4470-9F0F-915220CA7504}.Debug|Any CPU.ActiveCfg = Debug|Any CPU
		{7FCAD416-3026-4470-9F0F-915220CA7504}.Debug|Any CPU.Build.0 = Debug|Any CPU
		{7FCAD416-3026-4470-9F0F-915220CA7504}.Release|Any CPU.ActiveCfg = Release|Any CPU
		{7FCAD416-3026-4470-9F0F-915220CA7504}.Release|Any CPU.Build.0 = Release|Any CPU
		{4F608384-BD17-40C3-87AE-EE6144148B78}.Debug|Any CPU.ActiveCfg = Debug|Any CPU
		{4F608384-BD17-40C3-87AE-EE6144148B78}.Debug|Any CPU.Build.0 = Debug|Any CPU
		{4F608384-BD17-40C3-87AE-EE6144148B78}.Release|Any CPU.ActiveCfg = Release|Any CPU
		{4F608384-BD17-40C3-87AE-EE6144148B78}.Release|Any CPU.Build.0 = Release|Any CPU
		{197D593E-70D5-4576-A353-64354F90760B}.Debug|Any CPU.ActiveCfg = Debug|Any CPU
		{197D593E-70D5-4576-A353-64354F90760B}.Debug|Any CPU.Build.0 = Debug|Any CPU
		{197D593E-70D5-4576-A353-64354F90760B}.Release|Any CPU.ActiveCfg = Release|Any CPU
		{197D593E-70D5-4576-A353-64354F90760B}.Release|Any CPU.Build.0 = Release|Any CPU
		{6E954911-F438-4AC3-8BA0-7E0E5C7BED86}.Debug|Any CPU.ActiveCfg = Debug|Any CPU
		{6E954911-F438-4AC3-8BA0-7E0E5C7BED86}.Debug|Any CPU.Build.0 = Debug|Any CPU
		{6E954911-F438-4AC3-8BA0-7E0E5C7BED86}.Release|Any CPU.ActiveCfg = Release|Any CPU
		{6E954911-F438-4AC3-8BA0-7E0E5C7BED86}.Release|Any CPU.Build.0 = Release|Any CPU
		{07E7B078-55C7-4CBC-BAB8-E7BA378E9DD6}.Debug|Any CPU.ActiveCfg = Debug|Any CPU
		{07E7B078-55C7-4CBC-BAB8-E7BA378E9DD6}.Debug|Any CPU.Build.0 = Debug|Any CPU
		{07E7B078-55C7-4CBC-BAB8-E7BA378E9DD6}.Release|Any CPU.ActiveCfg = Release|Any CPU
		{07E7B078-55C7-4CBC-BAB8-E7BA378E9DD6}.Release|Any CPU.Build.0 = Release|Any CPU
		{3F57A7F2-3A90-43A3-8AE2-81BE3F171CB4}.Debug|Any CPU.ActiveCfg = Debug|Any CPU
		{3F57A7F2-3A90-43A3-8AE2-81BE3F171CB4}.Debug|Any CPU.Build.0 = Debug|Any CPU
		{3F57A7F2-3A90-43A3-8AE2-81BE3F171CB4}.Release|Any CPU.ActiveCfg = Release|Any CPU
		{3F57A7F2-3A90-43A3-8AE2-81BE3F171CB4}.Release|Any CPU.Build.0 = Release|Any CPU
	EndGlobalSection
	GlobalSection(SolutionProperties) = preSolution
		HideSolutionNode = FALSE
	EndGlobalSection
	GlobalSection(NestedProjects) = preSolution
		{A8021AF1-B30F-453A-8C15-F3228B65837B} = {5F7CE4D2-4972-4370-80C0-D4D7FE7E4AC9}
		{7FCAD416-3026-4470-9F0F-915220CA7504} = {2E1F2957-CEFA-42DA-8EFC-34D77832D68D}
		{4F608384-BD17-40C3-87AE-EE6144148B78} = {2E1F2957-CEFA-42DA-8EFC-34D77832D68D}
		{197D593E-70D5-4576-A353-64354F90760B} = {2E1F2957-CEFA-42DA-8EFC-34D77832D68D}
		{6E954911-F438-4AC3-8BA0-7E0E5C7BED86} = {2E1F2957-CEFA-42DA-8EFC-34D77832D68D}
		{07E7B078-55C7-4CBC-BAB8-E7BA378E9DD6} = {ED5F3FF3-7AC9-450B-9C5A-8C5B54E1301D}
		{3F57A7F2-3A90-43A3-8AE2-81BE3F171CB4} = {ED5F3FF3-7AC9-450B-9C5A-8C5B54E1301D}
	EndGlobalSection
EndGlobal
